<Solution>
	<Folder Name="/Элементы решения/">
		<File Path=".editorconfig" />
	</Folder>
	<Project Path="../.NStar/Sources/NStar.BufferLib/NStar.BufferLib.csproj" />
	<Project Path="../.NStar/Sources/NStar.Core/NStar.Core.csproj" />
	<Project Path="../.NStar/Sources/NStar.Dictionaries/NStar.Dictionaries.csproj" />
	<Project Path="../.NStar/Sources/NStar.EasyEval/NStar.EasyEval.csproj" />
	<Project Path="../.NStar/Sources/NStar.ExtraReplacing/NStar.ExtraReplacing.csproj" />
	<Project Path="../.NStar/Sources/NStar.Linq/NStar.Linq.csproj" />
	<Project Path="../.NStar/Sources/NStar.MathLib.Extras/NStar.MathLib.Extras.csproj" />
	<Project Path="../.NStar/Sources/NStar.MathLib/NStar.MathLib.csproj" />
	<Project Path="../.NStar/Sources/NStar.Mpir/NStar.Mpir.csproj" />
	<Project Path="../.NStar/Sources/NStar.ParallelHS/NStar.ParallelHS.csproj" />
	<Project Path="../.NStar/Sources/NStar.RemoveDoubles/NStar.RemoveDoubles.csproj" />
	<Project Path="../.NStar/Sources/NStar.SortedSets/NStar.SortedSets.csproj" />
	<Project Path="../.NStar/Sources/NStar.SumCollections/NStar.SumCollections.csproj" />
	<Project Path="../.NStar/Sources/NStar.TreeSets/NStar.TreeSets.csproj" />
	<Project Path="../.NStar/Sources/RedStarMath.Complex/RedStarMath.Complex.csproj" />
	<Project Path="../.NStar/Sources/RedStarMath/RedStarMath.csproj" />
	<Project Path="AvaloniaEdit/AvaloniaEdit.csproj" />
	<Project Path="BuiltInMemberCollections/BuiltInMemberCollections.csproj" />
	<Project Path="BuiltInTypeCollections/BuiltInTypeCollections.csproj" />
	<Project Path="CodeSample/CodeSample.csproj" />
	<Project Path="CodeStyleRules/CodeStyleRules.csproj" />
	<Project Path="JsonConverters/JsonConverters.csproj" />
	<Project Path="MainParsing/MainParsing.csproj" />
	<Project Path="MemberChecks/MemberChecks.csproj" />
	<Project Path="MemberConverters/MemberConverters.csproj" />
	<Project Path="NStarType/NStarType.csproj" />
	<Project Path="NStarUtilityFunctions/NStarUtilityFunctions.csproj" />
	<Project Path="ObjectConverters/ObjectConverters.csproj" />
	<Project Path="PL051.NStar.Desktop/PL051.NStar.Desktop.csproj" />
	<Project Path="PL051.NStar.Tests/PL051.NStar.Tests.csproj" />
	<Project Path="PL051.NStar/PL051.NStar.csproj" />
	<Project Path="QuotesAndTreeBranch/QuotesAndTreeBranch.csproj" />
	<Project Path="SemanticTree/SemanticTree.csproj" />
	<Project Path="TranslateTimeOperations/TranslateTimeOperations.csproj" />
	<Project Path="TypeChecks/TypeChecks.csproj" />
	<Project Path="TypeConverters/TypeConverters.csproj" />
	<Project Path="TypePromotionRules/TypePromotionRules.csproj" />
</Solution>
